
Microsoft Visual Studio Solution File, Format Version 12.00
# Visual Studio Version 17
VisualStudioVersion = 17.4.33110.190
MinimumVisualStudioVersion = 10.0.40219.1
Project("{8BC9CEB8-8B4A-11D0-8D11-00A0C91BC942}") = "Arrays", "Arrays\Arrays.vcxproj", "{F79E6D3C-3EF6-4E1B-802E-DA006F3DF62E}"
EndProject
Global
	GlobalSection(SolutionConfigurationPlatforms) = preSolution
		Debug|x64 = Debug|x64
		Debug|x86 = Debug|x86
		Release|x64 = Release|x64
		Release|x86 = Release|x86
	EndGlobalSection
	GlobalSection(ProjectConfigurationPlatforms) = postSolution
		{F79E6D3C-3EF6-4E1B-802E-DA006F3DF62E}.Debug|x64.ActiveCfg = Debug|x64
		{F79E6D3C-3EF6-4E1B-802E-DA006F3DF62E}.Debug|x64.Build.0 = Debug|x64
		{F79E6D3C-3EF6-4E1B-802E-DA006F3DF62E}.Debug|x86.ActiveCfg = Debug|Win32
		{F79E6D3C-3EF6-4E1B-802E-DA006F3DF62E}.Debug|x86.Build.0 = Debug|Win32
		{F79E6D3C-3EF6-4E1B-802E-DA006F3DF62E}.Release|x64.ActiveCfg = Release|x64
		{F79E6D3C-3EF6-4E1B-802E-DA006F3DF62E}.Release|x64.Build.0 = Release|x64
		{F79E6D3C-3EF6-4E1B-802E-DA006F3DF62E}.Release|x86.ActiveCfg = Release|Win32
		{F79E6D3C-3EF6-4E1B-802E-DA006F3DF62E}.Release|x86.Build.0 = Release|Win32
	EndGlobalSection
	GlobalSection(SolutionProperties) = preSolution
		HideSolutionNode = FALSE
	EndGlobalSection
	GlobalSection(ExtensibilityGlobals) = postSolution
		SolutionGuid = {DF17960D-C855-4A0B-8E48-ABFE2CD94637}
	EndGlobalSection
EndGlobal
